<?xml version="1.0" encoding="utf-8"?>
<Project ToolsVersion="4.0" xmlns="http://schemas.microsoft.com/developer/msbuild/2003">
  <ItemGroup>
    <ClCompile Include="Core.cpp" />
    <ClCompile Include="AddonManager.cpp">
      <Filter>API</Filter>
    </ClCompile>
  </ItemGroup>
  <ItemGroup>
    <None Include="exports.def" />
  </ItemGroup>
  <ItemGroup>
    <Filter Include="API">
      <UniqueIdentifier>{ff94ccb8-8b74-4de0-8b9d-dc34d7a0e27c}</UniqueIdentifier>
    </Filter>
  </ItemGroup>
  <ItemGroup>
    <ClInclude Include="AddonManager.h">
      <Filter>API</Filter>
    </ClInclude>
    <ClInclude Include="ModAPI.h">
      <Filter>API</Filter>
    </ClInclude>
  </ItemGroup>
</Project>